<Solution>
  <Folder Name="/Solution Items/">
    <File Path="README.md" />
  </Folder>
  <Project Path="W4.API\W4.API.csproj" />
  <Project Path="W4.Application\W4.Application.csproj" />
  <Project Path="W4.Infrastructure\W4.Infrastructure.csproj" />
  <Project Path="W4.Domain\W4.Domain.csproj" />
</Solution>
